
Microsoft Visual Studio Solution File, Format Version 12.00
# Visual Studio 2017
Project("{FAE04EC0-301F-11D3-BF4B-00C04F79EFBC}") = "Carcassonne-Unity", "Carcassonne-Unity.csproj", "{E9391650-AA36-8E51-C06E-D03A78C0CDFB}"
EndProject
Project("{FAE04EC0-301F-11D3-BF4B-00C04F79EFBC}") = "Carcassonne-Unity.Editor", "Carcassonne-Unity.Editor.csproj", "{A1FA9388-B0AC-98DF-DB75-ABBABB5055E2}"
EndProject
Global
	GlobalSection(SolutionConfigurationPlatforms) = preSolution
		Debug|Any CPU = Debug|Any CPU
		Release|Any CPU = Release|Any CPU
	EndGlobalSection
	GlobalSection(ProjectConfigurationPlatforms) = postSolution
		{E9391650-AA36-8E51-C06E-D03A78C0CDFB}.Debug|Any CPU.ActiveCfg = Debug|Any CPU
		{E9391650-AA36-8E51-C06E-D03A78C0CDFB}.Debug|Any CPU.Build.0 = Debug|Any CPU
		{E9391650-AA36-8E51-C06E-D03A78C0CDFB}.Release|Any CPU.ActiveCfg = Release|Any CPU
		{E9391650-AA36-8E51-C06E-D03A78C0CDFB}.Release|Any CPU.Build.0 = Release|Any CPU
		{A1FA9388-B0AC-98DF-DB75-ABBABB5055E2}.Debug|Any CPU.ActiveCfg = Debug|Any CPU
		{A1FA9388-B0AC-98DF-DB75-ABBABB5055E2}.Debug|Any CPU.Build.0 = Debug|Any CPU
		{A1FA9388-B0AC-98DF-DB75-ABBABB5055E2}.Release|Any CPU.ActiveCfg = Release|Any CPU
		{A1FA9388-B0AC-98DF-DB75-ABBABB5055E2}.Release|Any CPU.Build.0 = Release|Any CPU
	EndGlobalSection
	GlobalSection(SolutionProperties) = preSolution
		HideSolutionNode = FALSE
	EndGlobalSection
EndGlobal
