
Microsoft Visual Studio Solution File, Format Version 11.00
# Visual Studio 2010
Project("{FAE04EC0-301F-11D3-BF4B-00C04F79EFBC}") = "Carcassonne-Unity", "Assembly-CSharp.csproj", "{730224C5-60C6-6E20-402A-73894B2E16AF}"
EndProject
Project("{FAE04EC0-301F-11D3-BF4B-00C04F79EFBC}") = "Carcassonne-Unity", "Assembly-CSharp-firstpass.csproj", "{D82383AE-49AB-0965-36D9-D08C9FE5ACF8}"
EndProject
Project("{FAE04EC0-301F-11D3-BF4B-00C04F79EFBC}") = "Carcassonne-Unity", "Assembly-CSharp-Editor.csproj", "{E3BABF3D-CE3A-8823-CF2A-3C8695F5CBD8}"
EndProject
Global
	GlobalSection(SolutionConfigurationPlatforms) = preSolution
		Debug|Any CPU = Debug|Any CPU
		Release|Any CPU = Release|Any CPU
	EndGlobalSection
	GlobalSection(ProjectConfigurationPlatforms) = postSolution
		{730224C5-60C6-6E20-402A-73894B2E16AF}.Debug|Any CPU.ActiveCfg = Debug|Any CPU
		{730224C5-60C6-6E20-402A-73894B2E16AF}.Debug|Any CPU.Build.0 = Debug|Any CPU
		{730224C5-60C6-6E20-402A-73894B2E16AF}.Release|Any CPU.ActiveCfg = Release|Any CPU
		{730224C5-60C6-6E20-402A-73894B2E16AF}.Release|Any CPU.Build.0 = Release|Any CPU
		{D82383AE-49AB-0965-36D9-D08C9FE5ACF8}.Debug|Any CPU.ActiveCfg = Debug|Any CPU
		{D82383AE-49AB-0965-36D9-D08C9FE5ACF8}.Debug|Any CPU.Build.0 = Debug|Any CPU
		{D82383AE-49AB-0965-36D9-D08C9FE5ACF8}.Release|Any CPU.ActiveCfg = Release|Any CPU
		{D82383AE-49AB-0965-36D9-D08C9FE5ACF8}.Release|Any CPU.Build.0 = Release|Any CPU
		{E3BABF3D-CE3A-8823-CF2A-3C8695F5CBD8}.Debug|Any CPU.ActiveCfg = Debug|Any CPU
		{E3BABF3D-CE3A-8823-CF2A-3C8695F5CBD8}.Debug|Any CPU.Build.0 = Debug|Any CPU
		{E3BABF3D-CE3A-8823-CF2A-3C8695F5CBD8}.Release|Any CPU.ActiveCfg = Release|Any CPU
		{E3BABF3D-CE3A-8823-CF2A-3C8695F5CBD8}.Release|Any CPU.Build.0 = Release|Any CPU
	EndGlobalSection
	GlobalSection(SolutionProperties) = preSolution
		HideSolutionNode = FALSE
	EndGlobalSection
	GlobalSection(MonoDevelopProperties) = preSolution
		StartupItem = Assembly-CSharp.csproj
	EndGlobalSection
EndGlobal
